
Microsoft Visual Studio Solution File, Format Version 12.00
# Visual Studio 2012
Project("{FAE04EC0-301F-11D3-BF4B-00C04F79EFBC}") = "BygPay", "BygPay\BygPay.csproj", "{B35C40DE-E2ED-4183-856D-64098D4B1AED}"
EndProject
Global
	GlobalSection(SolutionConfigurationPlatforms) = preSolution
		Debug|Any CPU = Debug|Any CPU
		Release|Any CPU = Release|Any CPU
	EndGlobalSection
	GlobalSection(ProjectConfigurationPlatforms) = postSolution
		{B35C40DE-E2ED-4183-856D-64098D4B1AED}.Debug|Any CPU.ActiveCfg = Debug|Any CPU
		{B35C40DE-E2ED-4183-856D-64098D4B1AED}.Debug|Any CPU.Build.0 = Debug|Any CPU
		{B35C40DE-E2ED-4183-856D-64098D4B1AED}.Release|Any CPU.ActiveCfg = Release|Any CPU
		{B35C40DE-E2ED-4183-856D-64098D4B1AED}.Release|Any CPU.Build.0 = Release|Any CPU
	EndGlobalSection
EndGlobal
